Microsoft Visual Studio Solution File, Format Version 12.00
# Visual Studio Version 17
VisualStudioVersion = 17.5.2.0
MinimumVisualStudioVersion = 10.0.40219.1
Project("{2150E333-8FDC-42A3-9474-1A3956D46DE8}") = "Nisha car rental", "Nisha car rental", "{ED627D7C-E937-CC23-D446-D0834A257876}"
EndProject
Project("{FAE04EC0-301F-11D3-BF4B-00C04F79EFBC}") = "NishaCarRental.API", "Nisha car rental\NishaCarRental.API\NishaCarRental.API.csproj", "{08EC07DB-10F3-2F27-5E25-4DB237A914DC}"
EndProject
Global
	GlobalSection(SolutionConfigurationPlatforms) = preSolution
		Debug|Any CPU = Debug|Any CPU
		Release|Any CPU = Release|Any CPU
	EndGlobalSection
	GlobalSection(ProjectConfigurationPlatforms) = postSolution
		{08EC07DB-10F3-2F27-5E25-4DB237A914DC}.Debug|Any CPU.ActiveCfg = Debug|Any CPU
		{08EC07DB-10F3-2F27-5E25-4DB237A914DC}.Debug|Any CPU.Build.0 = Debug|Any CPU
		{08EC07DB-10F3-2F27-5E25-4DB237A914DC}.Release|Any CPU.ActiveCfg = Release|Any CPU
		{08EC07DB-10F3-2F27-5E25-4DB237A914DC}.Release|Any CPU.Build.0 = Release|Any CPU
	EndGlobalSection
	GlobalSection(SolutionProperties) = preSolution
		HideSolutionNode = FALSE
	EndGlobalSection
	GlobalSection(NestedProjects) = preSolution
		{08EC07DB-10F3-2F27-5E25-4DB237A914DC} = {ED627D7C-E937-CC23-D446-D0834A257876}
	EndGlobalSection
	GlobalSection(ExtensibilityGlobals) = postSolution
		SolutionGuid = {7A62C989-90C7-4BF7-9495-EAC3E7235BA8}
	EndGlobalSection
EndGlobal
